
Microsoft Visual Studio Solution File, Format Version 12.00
# Visual Studio Version 17
VisualStudioVersion = 17.8.34322.80
MinimumVisualStudioVersion = 10.0.40219.1
Project("{FAE04EC0-301F-11D3-BF4B-00C04F79EFBC}") = "Bootstrap101-Live", "Bootstrap101-Live\Bootstrap101-Live.csproj", "{B19452E9-379B-4014-983B-2BA22006CC79}"
EndProject
Global
	GlobalSection(SolutionConfigurationPlatforms) = preSolution
		Debug|Any CPU = Debug|Any CPU
		Release|Any CPU = Release|Any CPU
	EndGlobalSection
	GlobalSection(ProjectConfigurationPlatforms) = postSolution
		{B19452E9-379B-4014-983B-2BA22006CC79}.Debug|Any CPU.ActiveCfg = Debug|Any CPU
		{B19452E9-379B-4014-983B-2BA22006CC79}.Debug|Any CPU.Build.0 = Debug|Any CPU
		{B19452E9-379B-4014-983B-2BA22006CC79}.Release|Any CPU.ActiveCfg = Release|Any CPU
		{B19452E9-379B-4014-983B-2BA22006CC79}.Release|Any CPU.Build.0 = Release|Any CPU
	EndGlobalSection
	GlobalSection(SolutionProperties) = preSolution
		HideSolutionNode = FALSE
	EndGlobalSection
	GlobalSection(ExtensibilityGlobals) = postSolution
		SolutionGuid = {3C8439E3-016F-4421-8ECE-A74B125AB314}
	EndGlobalSection
EndGlobal
